
Microsoft Visual Studio Solution File, Format Version 12.00
# Visual Studio Version 17
VisualStudioVersion = 17.7.34031.279
MinimumVisualStudioVersion = 10.0.40219.1
Project("{9A19103F-16F7-4668-BE54-9A1E7A4F7556}") = "SSquared.App", "src\SSquared.App\SSquared.App.csproj", "{B03BC285-80E1-456E-9966-28D76E00D455}"
EndProject
Project("{FAE04EC0-301F-11D3-BF4B-00C04F79EFBC}") = "SSquared.Lib", "src\SSquared.Lib\SSquared.Lib.csproj", "{69B60461-638C-4D6F-A7EB-46C869498F57}"
EndProject
Project("{FAE04EC0-301F-11D3-BF4B-00C04F79EFBC}") = "SSquared.Lib.UnitTests", "test\SSquared.Lib.UnitTests\SSquared.Lib.UnitTests.csproj", "{897F78C1-E9D3-4174-9453-067E44C8294F}"
EndProject
Global
	GlobalSection(SolutionConfigurationPlatforms) = preSolution
		Debug|Any CPU = Debug|Any CPU
		Release|Any CPU = Release|Any CPU
	EndGlobalSection
	GlobalSection(ProjectConfigurationPlatforms) = postSolution
		{B03BC285-80E1-456E-9966-28D76E00D455}.Debug|Any CPU.ActiveCfg = Debug|Any CPU
		{B03BC285-80E1-456E-9966-28D76E00D455}.Debug|Any CPU.Build.0 = Debug|Any CPU
		{B03BC285-80E1-456E-9966-28D76E00D455}.Release|Any CPU.ActiveCfg = Release|Any CPU
		{B03BC285-80E1-456E-9966-28D76E00D455}.Release|Any CPU.Build.0 = Release|Any CPU
		{69B60461-638C-4D6F-A7EB-46C869498F57}.Debug|Any CPU.ActiveCfg = Debug|Any CPU
		{69B60461-638C-4D6F-A7EB-46C869498F57}.Debug|Any CPU.Build.0 = Debug|Any CPU
		{69B60461-638C-4D6F-A7EB-46C869498F57}.Release|Any CPU.ActiveCfg = Release|Any CPU
		{69B60461-638C-4D6F-A7EB-46C869498F57}.Release|Any CPU.Build.0 = Release|Any CPU
		{897F78C1-E9D3-4174-9453-067E44C8294F}.Debug|Any CPU.ActiveCfg = Debug|Any CPU
		{897F78C1-E9D3-4174-9453-067E44C8294F}.Debug|Any CPU.Build.0 = Debug|Any CPU
		{897F78C1-E9D3-4174-9453-067E44C8294F}.Release|Any CPU.ActiveCfg = Release|Any CPU
		{897F78C1-E9D3-4174-9453-067E44C8294F}.Release|Any CPU.Build.0 = Release|Any CPU
	EndGlobalSection
	GlobalSection(SolutionProperties) = preSolution
		HideSolutionNode = FALSE
	EndGlobalSection
	GlobalSection(ExtensibilityGlobals) = postSolution
		SolutionGuid = {8FB861CE-B394-42CF-8460-ADFC925AAA7E}
	EndGlobalSection
EndGlobal
